
Microsoft Visual Studio Solution File, Format Version 12.00
# Visual Studio Version 16
VisualStudioVersion = 16.0.30413.136
MinimumVisualStudioVersion = 10.0.40219.1
Project("{8BC9CEB8-8B4A-11D0-8D11-00A0C91BC942}") = "LAB_6_ALVA_MICHELLE", "LAB_6_ALVA_MICHELLE\LAB_6_ALVA_MICHELLE.vcxproj", "{A0BEEF2A-8FAF-43C4-8CDE-326DCCA226D3}"
EndProject
Global
	GlobalSection(SolutionConfigurationPlatforms) = preSolution
		Debug|x64 = Debug|x64
		Debug|x86 = Debug|x86
		Release|x64 = Release|x64
		Release|x86 = Release|x86
	EndGlobalSection
	GlobalSection(ProjectConfigurationPlatforms) = postSolution
		{A0BEEF2A-8FAF-43C4-8CDE-326DCCA226D3}.Debug|x64.ActiveCfg = Debug|x64
		{A0BEEF2A-8FAF-43C4-8CDE-326DCCA226D3}.Debug|x64.Build.0 = Debug|x64
		{A0BEEF2A-8FAF-43C4-8CDE-326DCCA226D3}.Debug|x86.ActiveCfg = Debug|Win32
		{A0BEEF2A-8FAF-43C4-8CDE-326DCCA226D3}.Debug|x86.Build.0 = Debug|Win32
		{A0BEEF2A-8FAF-43C4-8CDE-326DCCA226D3}.Release|x64.ActiveCfg = Release|x64
		{A0BEEF2A-8FAF-43C4-8CDE-326DCCA226D3}.Release|x64.Build.0 = Release|x64
		{A0BEEF2A-8FAF-43C4-8CDE-326DCCA226D3}.Release|x86.ActiveCfg = Release|Win32
		{A0BEEF2A-8FAF-43C4-8CDE-326DCCA226D3}.Release|x86.Build.0 = Release|Win32
	EndGlobalSection
	GlobalSection(SolutionProperties) = preSolution
		HideSolutionNode = FALSE
	EndGlobalSection
	GlobalSection(ExtensibilityGlobals) = postSolution
		SolutionGuid = {883F08E4-541E-4452-A825-7F2481CF3317}
	EndGlobalSection
EndGlobal
